# Generated by `dart pub get`.
# See https://dart.dev/tools/pub/glossary#lockfile
packages:
  flame:
    dependency: "direct main"
    description:
      name: flame
      sha256: "c50e2f39e118f5f6a6f3339ce6825ee803c7e5fada95ec50fb02eb27944e0e76"
      url: "https://pub.dev"
    source: hosted
    version: "1.30.1"
  flame_audio:
    dependency: "direct main"
    description:
      name: flame_audio
      sha256: "c03d1cfb952805a14b5a2793181009a1510ab28c8d0d69cd150cefd17053c489"
      url: "https://pub.dev"
    source: hosted
    version: "2.11.8"
  shared_preferences:
    dependency: "direct main"
    description:
      name: shared_preferences
      sha256: "6e8bf70b7fef813df4e9a36f658ac46d107db4b4cfe1048b477d4e453a8159f5"
      url: "https://pub.dev"
    source: hosted
    version: "2.5.3"
sdks:
  dart: ">=3.2.0 <4.0.0"
  flutter: ">=3.32.8"
